{
    "_meta": {
        "hash": {
            "sha256": "030c0602dc163e4730bfd67c86c5ed7166f627a0ed6150c7cb7864f9e811978e"
        },
        "pipfile-spec": 6,
        "requires": {
            "python_version": "*"
        },
        "sources": [
            {
                "name": "pypi",
                "url": "https://pypi.org/simple",
                "verify_ssl": true
            }
        ]
    },
    "default": {},
    "develop": {}
}
